github.com/google/go-cmp v0.3.1-0.20190606183024-1b316004397f h1:HQBfWtwyDyKCdZBWWvDmxZmvRnKJ9PX0mVrw37LOWRE=
github.com/google/go-cmp v0.3.1-0.20190606183024-1b316004397f/go.mod h1:8QqcDgzrUqlUb/G2PQTWiueGozuR1884gddMywk6iLU=
github.com/mna/pigeon v1.0.1-0.20190520151103-9fec3898cef8 h1:syxgb9+Z3f1SwFGM/aLbGqLUDbfmGyYUpVhciV1bZss=
github.com/mna/pigeon v1.0.1-0.20190520151103-9fec3898cef8/go.mod h1:Iym28+kJVnC1hfQvv5MUtI6AiFFzvQjHcvI4RFTG/04=
golang.org/x/crypto v0.0.0-20190308221718-c2843e01d9a2/go.mod h1:djNgcEr1/C05ACkg1iLfiJU5Ep61QUkGW8qpdssI0+w=
golang.org/x/net v0.0.0-20190620200207-3b0461eec859/go.mod h1:z5CRVTTTmAJ677TzLLGU+0bjPO0LkuOLi4/5GtJWs/s=
golang.org/x/sync v0.0.0-20190423024810-112230192c58/go.mod h1:RxMgew5VJxzue5/jJTE5uejpjVlOe/izrB70Jof72aM=
golang.org/x/sys v0.0.0-20190215142949-d0b11bdaac8a/go.mod h1:STP8DvDyc/dI5b8T5hshtkjS+E42TnysNCUPdjciGhY=
golang.org/x/text v0.3.0/go.mod h1:NqM8EUOU14njkJ3fqMW+pc6Ldnwhi/IjpwHt7yyuwOQ=
golang.org/x/tools v0.0.0-20190719005602-e377ae9d6386 h1:W/t3IYUOQPd8DK2ssOWA8sjulHHMxzTgiQkSx0z5sRQ=
golang.org/x/tools v0.0.0-20190719005602-e377ae9d6386/go.mod h1:jcCCGcm9btYwXyDqrUWc6MKQKKGJCWEQ3AfLSRIbEuI=
